// !$*UTF8*$!
{
	archiveVersion = 1;
	classes = {
	};
	objectVersion = 46;
	objects = {

/* Begin PBXBuildFile section */
		1DDD58160DA1D0A300B32029 /* MainMenu.xib in Resources */ = {isa = PBXBuildFile; fileRef = 1DDD58140DA1D0A300B32029 /* MainMenu.xib */; };
		256AC3DA0F4B6AC300CF3369 /* MLSwitcher2AppDelegate.m in Sources */ = {isa = PBXBuildFile; fileRef = 256AC3D90F4B6AC300CF3369 /* MLSwitcher2AppDelegate.m */; };
		8D11072B0486CEB800E47090 /* InfoPlist.strings in Resources */ = {isa = PBXBuildFile; fileRef = 089C165CFE840E0CC02AAC07 /* InfoPlist.strings */; };
		8D11072D0486CEB800E47090 /* main.m in Sources */ = {isa = PBXBuildFile; fileRef = 29B97316FDCFA39411CA2CEA /* main.m */; settings = {ATTRIBUTES = (); }; };
		8D11072F0486CEB800E47090 /* Cocoa.framework in Frameworks */ = {isa = PBXBuildFile; fileRef = 1058C7A1FEA54F0111CA2CBB /* Cocoa.framework */; };
		9F3E1AFE13120B57000E1F17 /* SRCommon.m in Sources */ = {isa = PBXBuildFile; fileRef = 9F3E1AF513120B57000E1F17 /* SRCommon.m */; };
		9F3E1AFF13120B57000E1F17 /* SRKeyCodeTransformer.m in Sources */ = {isa = PBXBuildFile; fileRef = 9F3E1AF713120B57000E1F17 /* SRKeyCodeTransformer.m */; };
		9F3E1B0013120B57000E1F17 /* SRRecorderCell.m in Sources */ = {isa = PBXBuildFile; fileRef = 9F3E1AF913120B57000E1F17 /* SRRecorderCell.m */; };
		9F3E1B0113120B57000E1F17 /* SRRecorderControl.m in Sources */ = {isa = PBXBuildFile; fileRef = 9F3E1AFB13120B57000E1F17 /* SRRecorderControl.m */; };
		9F3E1B0213120B57000E1F17 /* SRValidator.m in Sources */ = {isa = PBXBuildFile; fileRef = 9F3E1AFD13120B57000E1F17 /* SRValidator.m */; };
		9F3E1B0713120C48000E1F17 /* DDHotKeyCenter.m in Sources */ = {isa = PBXBuildFile; fileRef = 9F3E1B0613120C48000E1F17 /* DDHotKeyCenter.m */; };
		9F3E1B6C131225E2000E1F17 /* keyboard_layout.png in Resources */ = {isa = PBXBuildFile; fileRef = 9F3E1B6B131225E2000E1F17 /* keyboard_layout.png */; };
		9F4D486A172E1B04003F0E26 /* Localizable.strings in Resources */ = {isa = PBXBuildFile; fileRef = 9F4D486C172E1B04003F0E26 /* Localizable.strings */; };
		9F8186501310D6EF00DAA1DF /* Layout.m in Sources */ = {isa = PBXBuildFile; fileRef = 9F81864D1310D6EF00DAA1DF /* Layout.m */; };
		9F8186511310D6EF00DAA1DF /* LayoutManager.m in Sources */ = {isa = PBXBuildFile; fileRef = 9F81864F1310D6EF00DAA1DF /* LayoutManager.m */; };
		9F81865F1310D7C900DAA1DF /* Carbon.framework in Frameworks */ = {isa = PBXBuildFile; fileRef = 9F81865E1310D7C900DAA1DF /* Carbon.framework */; };
		9F8186681310D7F200DAA1DF /* mlswitcher.png in Resources */ = {isa = PBXBuildFile; fileRef = 9F8186671310D7F200DAA1DF /* mlswitcher.png */; };
		9F8186721311C7B200DAA1DF /* MLSwitcher2.icns in Resources */ = {isa = PBXBuildFile; fileRef = 9F8186711311C7B200DAA1DF /* MLSwitcher2.icns */; };
		9F81867D1311CF7E00DAA1DF /* MLSwitcher2Controller.m in Sources */ = {isa = PBXBuildFile; fileRef = 9F81867C1311CF7E00DAA1DF /* MLSwitcher2Controller.m */; };
		9F8F03FB13138EBB00C21E17 /* LaunchAtLoginController.m in Sources */ = {isa = PBXBuildFile; fileRef = 9F8F03FA13138EBB00C21E17 /* LaunchAtLoginController.m */; };
		9FB8D7301313944600217DC6 /* Credits.rtf in Resources */ = {isa = PBXBuildFile; fileRef = 9FB8D72F1313944600217DC6 /* Credits.rtf */; };
		9FB8D7381314B46200217DC6 /* PrefsWindow.m in Sources */ = {isa = PBXBuildFile; fileRef = 9FB8D7371314B46200217DC6 /* PrefsWindow.m */; };
		9FEB8152166C8563007F3599 /* NSString+SymlinksAndAliases.m in Sources */ = {isa = PBXBuildFile; fileRef = 9FEB814F166C8562007F3599 /* NSString+SymlinksAndAliases.m */; };
		9FEB8153166C8563007F3599 /* PFMoveApplication.m in Sources */ = {isa = PBXBuildFile; fileRef = 9FEB8151166C8562007F3599 /* PFMoveApplication.m */; };
		9FEB8155166C8595007F3599 /* Security.framework in Frameworks */ = {isa = PBXBuildFile; fileRef = 9FEB8154166C8594007F3599 /* Security.framework */; };
/* End PBXBuildFile section */

/* Begin PBXCopyFilesBuildPhase section */
		9F7CD49F16701D3800A458B6 /* CopyFiles */ = {
			isa = PBXCopyFilesBuildPhase;
			buildActionMask = 2147483647;
			dstPath = "";
			dstSubfolderSpec = 10;
			files = (
			);
			runOnlyForDeploymentPostprocessing = 0;
		};
/* End PBXCopyFilesBuildPhase section */

/* Begin PBXFileReference section */
		1058C7A1FEA54F0111CA2CBB /* Cocoa.framework */ = {isa = PBXFileReference; lastKnownFileType = wrapper.framework; name = Cocoa.framework; path = /System/Library/Frameworks/Cocoa.framework; sourceTree = "<absolute>"; };
		13E42FB307B3F0F600E4EEF1 /* CoreData.framework */ = {isa = PBXFileReference; lastKnownFileType = wrapper.framework; name = CoreData.framework; path = /System/Library/Frameworks/CoreData.framework; sourceTree = "<absolute>"; };
		256AC3D80F4B6AC300CF3369 /* MLSwitcher2AppDelegate.h */ = {isa = PBXFileReference; fileEncoding = 4; lastKnownFileType = sourcecode.c.h; path = MLSwitcher2AppDelegate.h; sourceTree = "<group>"; };
		256AC3D90F4B6AC300CF3369 /* MLSwitcher2AppDelegate.m */ = {isa = PBXFileReference; fileEncoding = 4; lastKnownFileType = sourcecode.c.objc; path = MLSwitcher2AppDelegate.m; sourceTree = "<group>"; };
		256AC3F00F4B6AF500CF3369 /* MLSwitcher2_Prefix.pch */ = {isa = PBXFileReference; fileEncoding = 4; lastKnownFileType = sourcecode.c.h; path = MLSwitcher2_Prefix.pch; sourceTree = "<group>"; };
		29B97316FDCFA39411CA2CEA /* main.m */ = {isa = PBXFileReference; fileEncoding = 4; lastKnownFileType = sourcecode.c.objc; path = main.m; sourceTree = "<group>"; };
		29B97324FDCFA39411CA2CEA /* AppKit.framework */ = {isa = PBXFileReference; lastKnownFileType = wrapper.framework; name = AppKit.framework; path = /System/Library/Frameworks/AppKit.framework; sourceTree = "<absolute>"; };
		29B97325FDCFA39411CA2CEA /* Foundation.framework */ = {isa = PBXFileReference; lastKnownFileType = wrapper.framework; name = Foundation.framework; path = /System/Library/Frameworks/Foundation.framework; sourceTree = "<absolute>"; };
		8D1107310486CEB800E47090 /* MLSwitcher2-Info.plist */ = {isa = PBXFileReference; fileEncoding = 4; lastKnownFileType = text.plist.xml; path = "MLSwitcher2-Info.plist"; sourceTree = "<group>"; };
		8D1107320486CEB800E47090 /* MLSwitcher2.app */ = {isa = PBXFileReference; explicitFileType = wrapper.application; includeInIndex = 0; path = MLSwitcher2.app; sourceTree = BUILT_PRODUCTS_DIR; };
		9F1CE3CE247F66A000A38FEF /* Base */ = {isa = PBXFileReference; lastKnownFileType = file.xib; name = Base; path = Base.lproj/MainMenu.xib; sourceTree = "<group>"; };
		9F1CE3CF247F66A400A38FEF /* en */ = {isa = PBXFileReference; lastKnownFileType = text.plist.strings; name = en; path = en.lproj/InfoPlist.strings; sourceTree = "<group>"; };
		9F2DFCFA1661EC5800445862 /* ShortcutRecorder.framework */ = {isa = PBXFileReference; lastKnownFileType = wrapper.framework; name = ShortcutRecorder.framework; path = ../../../../Library/Frameworks/ShortcutRecorder.framework; sourceTree = "<group>"; };
		9F3E1AF413120B57000E1F17 /* SRCommon.h */ = {isa = PBXFileReference; fileEncoding = 4; lastKnownFileType = sourcecode.c.h; name = SRCommon.h; path = ShortcutRecorder/SRCommon.h; sourceTree = "<group>"; };
		9F3E1AF513120B57000E1F17 /* SRCommon.m */ = {isa = PBXFileReference; fileEncoding = 4; lastKnownFileType = sourcecode.c.objc; name = SRCommon.m; path = ShortcutRecorder/SRCommon.m; sourceTree = "<group>"; };
		9F3E1AF613120B57000E1F17 /* SRKeyCodeTransformer.h */ = {isa = PBXFileReference; fileEncoding = 4; lastKnownFileType = sourcecode.c.h; name = SRKeyCodeTransformer.h; path = ShortcutRecorder/SRKeyCodeTransformer.h; sourceTree = "<group>"; };
		9F3E1AF713120B57000E1F17 /* SRKeyCodeTransformer.m */ = {isa = PBXFileReference; fileEncoding = 4; lastKnownFileType = sourcecode.c.objc; name = SRKeyCodeTransformer.m; path = ShortcutRecorder/SRKeyCodeTransformer.m; sourceTree = "<group>"; };
		9F3E1AF813120B57000E1F17 /* SRRecorderCell.h */ = {isa = PBXFileReference; fileEncoding = 4; lastKnownFileType = sourcecode.c.h; name = SRRecorderCell.h; path = ShortcutRecorder/SRRecorderCell.h; sourceTree = "<group>"; };
		9F3E1AF913120B57000E1F17 /* SRRecorderCell.m */ = {isa = PBXFileReference; fileEncoding = 4; lastKnownFileType = sourcecode.c.objc; name = SRRecorderCell.m; path = ShortcutRecorder/SRRecorderCell.m; sourceTree = "<group>"; };
		9F3E1AFA13120B57000E1F17 /* SRRecorderControl.h */ = {isa = PBXFileReference; fileEncoding = 4; lastKnownFileType = sourcecode.c.h; name = SRRecorderControl.h; path = ShortcutRecorder/SRRecorderControl.h; sourceTree = "<group>"; };
		9F3E1AFB13120B57000E1F17 /* SRRecorderControl.m */ = {isa = PBXFileReference; fileEncoding = 4; lastKnownFileType = sourcecode.c.objc; name = SRRecorderControl.m; path = ShortcutRecorder/SRRecorderControl.m; sourceTree = "<group>"; };
		9F3E1AFC13120B57000E1F17 /* SRValidator.h */ = {isa = PBXFileReference; fileEncoding = 4; lastKnownFileType = sourcecode.c.h; name = SRValidator.h; path = ShortcutRecorder/SRValidator.h; sourceTree = "<group>"; };
		9F3E1AFD13120B57000E1F17 /* SRValidator.m */ = {isa = PBXFileReference; fileEncoding = 4; lastKnownFileType = sourcecode.c.objc; name = SRValidator.m; path = ShortcutRecorder/SRValidator.m; sourceTree = "<group>"; };
		9F3E1B0513120C48000E1F17 /* DDHotKeyCenter.h */ = {isa = PBXFileReference; fileEncoding = 4; lastKnownFileType = sourcecode.c.h; path = DDHotKeyCenter.h; sourceTree = "<group>"; };
		9F3E1B0613120C48000E1F17 /* DDHotKeyCenter.m */ = {isa = PBXFileReference; fileEncoding = 4; lastKnownFileType = sourcecode.c.objc; path = DDHotKeyCenter.m; sourceTree = "<group>"; };
		9F3E1B6B131225E2000E1F17 /* keyboard_layout.png */ = {isa = PBXFileReference; lastKnownFileType = image.png; path = keyboard_layout.png; sourceTree = "<group>"; };
		9F4D485A172E16FB003F0E26 /* ru */ = {isa = PBXFileReference; lastKnownFileType = text.plist.strings; name = ru; path = ru.lproj/InfoPlist.strings; sourceTree = "<group>"; };
		9F4D485B172E16FB003F0E26 /* ru */ = {isa = PBXFileReference; lastKnownFileType = file.xib; name = ru; path = ru.lproj/MainMenu.xib; sourceTree = "<group>"; };
		9F4D485C172E1704003F0E26 /* ja */ = {isa = PBXFileReference; lastKnownFileType = text.plist.strings; name = ja; path = ja.lproj/InfoPlist.strings; sourceTree = "<group>"; };
		9F4D485D172E1704003F0E26 /* ja */ = {isa = PBXFileReference; lastKnownFileType = file.xib; name = ja; path = ja.lproj/MainMenu.xib; sourceTree = "<group>"; };
		9F4D485E172E171E003F0E26 /* de */ = {isa = PBXFileReference; lastKnownFileType = text.plist.strings; name = de; path = de.lproj/InfoPlist.strings; sourceTree = "<group>"; };
		9F4D485F172E171E003F0E26 /* de */ = {isa = PBXFileReference; lastKnownFileType = file.xib; name = de; path = de.lproj/MainMenu.xib; sourceTree = "<group>"; };
		9F4D4860172E1724003F0E26 /* es */ = {isa = PBXFileReference; lastKnownFileType = text.plist.strings; name = es; path = es.lproj/InfoPlist.strings; sourceTree = "<group>"; };
		9F4D4861172E1724003F0E26 /* es */ = {isa = PBXFileReference; lastKnownFileType = file.xib; name = es; path = es.lproj/MainMenu.xib; sourceTree = "<group>"; };
		9F4D4862172E172A003F0E26 /* it */ = {isa = PBXFileReference; lastKnownFileType = text.plist.strings; name = it; path = it.lproj/InfoPlist.strings; sourceTree = "<group>"; };
		9F4D4863172E172A003F0E26 /* it */ = {isa = PBXFileReference; lastKnownFileType = file.xib; name = it; path = it.lproj/MainMenu.xib; sourceTree = "<group>"; };
		9F4D4866172E176D003F0E26 /* zh-Hans */ = {isa = PBXFileReference; lastKnownFileType = text.plist.strings; name = "zh-Hans"; path = "zh-Hans.lproj/InfoPlist.strings"; sourceTree = "<group>"; };
		9F4D4867172E176D003F0E26 /* zh-Hans */ = {isa = PBXFileReference; lastKnownFileType = file.xib; name = "zh-Hans"; path = "zh-Hans.lproj/MainMenu.xib"; sourceTree = "<group>"; };
		9F4D486D172E1B06003F0E26 /* en */ = {isa = PBXFileReference; lastKnownFileType = text.plist.strings; name = en; path = en.lproj/Localizable.strings; sourceTree = "<group>"; };
		9F4D4873172E1CFC003F0E26 /* ru */ = {isa = PBXFileReference; lastKnownFileType = text.plist.strings; name = ru; path = ru.lproj/Localizable.strings; sourceTree = "<group>"; };
		9F4D4874172E1D00003F0E26 /* ja */ = {isa = PBXFileReference; lastKnownFileType = text.plist.strings; name = ja; path = ja.lproj/Localizable.strings; sourceTree = "<group>"; };
		9F4D4875172E1D01003F0E26 /* de */ = {isa = PBXFileReference; lastKnownFileType = text.plist.strings; name = de; path = de.lproj/Localizable.strings; sourceTree = "<group>"; };
		9F4D4876172E1D02003F0E26 /* es */ = {isa = PBXFileReference; lastKnownFileType = text.plist.strings; name = es; path = es.lproj/Localizable.strings; sourceTree = "<group>"; };
		9F4D4877172E1D03003F0E26 /* it */ = {isa = PBXFileReference; lastKnownFileType = text.plist.strings; name = it; path = it.lproj/Localizable.strings; sourceTree = "<group>"; };
		9F4D4878172E1D04003F0E26 /* zh-Hans */ = {isa = PBXFileReference; lastKnownFileType = text.plist.strings; name = "zh-Hans"; path = "zh-Hans.lproj/Localizable.strings"; sourceTree = "<group>"; };
		9F81864C1310D6EF00DAA1DF /* Layout.h */ = {isa = PBXFileReference; fileEncoding = 4; lastKnownFileType = sourcecode.c.h; path = Layout.h; sourceTree = "<group>"; };
		9F81864D1310D6EF00DAA1DF /* Layout.m */ = {isa = PBXFileReference; fileEncoding = 4; lastKnownFileType = sourcecode.c.objc; path = Layout.m; sourceTree = "<group>"; };
		9F81864E1310D6EF00DAA1DF /* LayoutManager.h */ = {isa = PBXFileReference; fileEncoding = 4; lastKnownFileType = sourcecode.c.h; path = LayoutManager.h; sourceTree = "<group>"; };
		9F81864F1310D6EF00DAA1DF /* LayoutManager.m */ = {isa = PBXFileReference; fileEncoding = 4; lastKnownFileType = sourcecode.c.objc; path = LayoutManager.m; sourceTree = "<group>"; };
		9F81865E1310D7C900DAA1DF /* Carbon.framework */ = {isa = PBXFileReference; lastKnownFileType = wrapper.framework; name = Carbon.framework; path = System/Library/Frameworks/Carbon.framework; sourceTree = SDKROOT; };
		9F8186671310D7F200DAA1DF /* mlswitcher.png */ = {isa = PBXFileReference; lastKnownFileType = image.png; path = mlswitcher.png; sourceTree = "<group>"; };
		9F8186711311C7B200DAA1DF /* MLSwitcher2.icns */ = {isa = PBXFileReference; lastKnownFileType = image.icns; path = MLSwitcher2.icns; sourceTree = "<group>"; };
		9F81867B1311CF7E00DAA1DF /* MLSwitcher2Controller.h */ = {isa = PBXFileReference; fileEncoding = 4; lastKnownFileType = sourcecode.c.h; path = MLSwitcher2Controller.h; sourceTree = "<group>"; };
		9F81867C1311CF7E00DAA1DF /* MLSwitcher2Controller.m */ = {isa = PBXFileReference; fileEncoding = 4; lastKnownFileType = sourcecode.c.objc; path = MLSwitcher2Controller.m; sourceTree = "<group>"; };
		9F8F03F913138EBB00C21E17 /* LaunchAtLoginController.h */ = {isa = PBXFileReference; fileEncoding = 4; lastKnownFileType = sourcecode.c.h; path = LaunchAtLoginController.h; sourceTree = "<group>"; };
		9F8F03FA13138EBB00C21E17 /* LaunchAtLoginController.m */ = {isa = PBXFileReference; fileEncoding = 4; lastKnownFileType = sourcecode.c.objc; path = LaunchAtLoginController.m; sourceTree = "<group>"; };
		9FB8D72F1313944600217DC6 /* Credits.rtf */ = {isa = PBXFileReference; lastKnownFileType = text.rtf; path = Credits.rtf; sourceTree = "<group>"; };
		9FB8D7361314B46200217DC6 /* PrefsWindow.h */ = {isa = PBXFileReference; fileEncoding = 4; lastKnownFileType = sourcecode.c.h; path = PrefsWindow.h; sourceTree = "<group>"; };
		9FB8D7371314B46200217DC6 /* PrefsWindow.m */ = {isa = PBXFileReference; fileEncoding = 4; lastKnownFileType = sourcecode.c.objc; path = PrefsWindow.m; sourceTree = "<group>"; };
		9FEB814E166C8562007F3599 /* NSString+SymlinksAndAliases.h */ = {isa = PBXFileReference; fileEncoding = 4; lastKnownFileType = sourcecode.c.h; name = "NSString+SymlinksAndAliases.h"; path = "LetsMove/NSString+SymlinksAndAliases.h"; sourceTree = "<group>"; };
		9FEB814F166C8562007F3599 /* NSString+SymlinksAndAliases.m */ = {isa = PBXFileReference; fileEncoding = 4; lastKnownFileType = sourcecode.c.objc; name = "NSString+SymlinksAndAliases.m"; path = "LetsMove/NSString+SymlinksAndAliases.m"; sourceTree = "<group>"; };
		9FEB8150166C8562007F3599 /* PFMoveApplication.h */ = {isa = PBXFileReference; fileEncoding = 4; lastKnownFileType = sourcecode.c.h; name = PFMoveApplication.h; path = LetsMove/PFMoveApplication.h; sourceTree = "<group>"; };
		9FEB8151166C8562007F3599 /* PFMoveApplication.m */ = {isa = PBXFileReference; fileEncoding = 4; lastKnownFileType = sourcecode.c.objc; name = PFMoveApplication.m; path = LetsMove/PFMoveApplication.m; sourceTree = "<group>"; };
		9FEB8154166C8594007F3599 /* Security.framework */ = {isa = PBXFileReference; lastKnownFileType = wrapper.framework; name = Security.framework; path = System/Library/Frameworks/Security.framework; sourceTree = SDKROOT; };
/* End PBXFileReference section */

/* Begin PBXFrameworksBuildPhase section */
		8D11072E0486CEB800E47090 /* Frameworks */ = {
			isa = PBXFrameworksBuildPhase;
			buildActionMask = 2147483647;
			files = (
				9FEB8155166C8595007F3599 /* Security.framework in Frameworks */,
				8D11072F0486CEB800E47090 /* Cocoa.framework in Frameworks */,
				9F81865F1310D7C900DAA1DF /* Carbon.framework in Frameworks */,
			);
			runOnlyForDeploymentPostprocessing = 0;
		};
/* End PBXFrameworksBuildPhase section */

/* Begin PBXGroup section */
		080E96DDFE201D6D7F000001 /* Classes */ = {
			isa = PBXGroup;
			children = (
				9FEB814E166C8562007F3599 /* NSString+SymlinksAndAliases.h */,
				9FEB814F166C8562007F3599 /* NSString+SymlinksAndAliases.m */,
				9FEB8150166C8562007F3599 /* PFMoveApplication.h */,
				9FEB8151166C8562007F3599 /* PFMoveApplication.m */,
				9F8F03F913138EBB00C21E17 /* LaunchAtLoginController.h */,
				9F8F03FA13138EBB00C21E17 /* LaunchAtLoginController.m */,
				9F3E1B0513120C48000E1F17 /* DDHotKeyCenter.h */,
				9F3E1B0613120C48000E1F17 /* DDHotKeyCenter.m */,
				9F81867B1311CF7E00DAA1DF /* MLSwitcher2Controller.h */,
				9F81867C1311CF7E00DAA1DF /* MLSwitcher2Controller.m */,
				9F81864C1310D6EF00DAA1DF /* Layout.h */,
				9F81864D1310D6EF00DAA1DF /* Layout.m */,
				9F81864E1310D6EF00DAA1DF /* LayoutManager.h */,
				9F81864F1310D6EF00DAA1DF /* LayoutManager.m */,
				256AC3D80F4B6AC300CF3369 /* MLSwitcher2AppDelegate.h */,
				256AC3D90F4B6AC300CF3369 /* MLSwitcher2AppDelegate.m */,
				9FB8D7361314B46200217DC6 /* PrefsWindow.h */,
				9FB8D7371314B46200217DC6 /* PrefsWindow.m */,
			);
			name = Classes;
			sourceTree = "<group>";
		};
		1058C7A0FEA54F0111CA2CBB /* Linked Frameworks */ = {
			isa = PBXGroup;
			children = (
				1058C7A1FEA54F0111CA2CBB /* Cocoa.framework */,
				9F81865E1310D7C900DAA1DF /* Carbon.framework */,
			);
			name = "Linked Frameworks";
			sourceTree = "<group>";
		};
		1058C7A2FEA54F0111CA2CBB /* Other Frameworks */ = {
			isa = PBXGroup;
			children = (
				29B97324FDCFA39411CA2CEA /* AppKit.framework */,
				13E42FB307B3F0F600E4EEF1 /* CoreData.framework */,
				29B97325FDCFA39411CA2CEA /* Foundation.framework */,
			);
			name = "Other Frameworks";
			sourceTree = "<group>";
		};
		19C28FACFE9D520D11CA2CBB /* Products */ = {
			isa = PBXGroup;
			children = (
				8D1107320486CEB800E47090 /* MLSwitcher2.app */,
			);
			name = Products;
			sourceTree = "<group>";
		};
		29B97314FDCFA39411CA2CEA /* MLSwitcher */ = {
			isa = PBXGroup;
			children = (
				9FEB8154166C8594007F3599 /* Security.framework */,
				9F2DFCFA1661EC5800445862 /* ShortcutRecorder.framework */,
				9F3E1AF313120B3B000E1F17 /* ShortcutRecorder */,
				080E96DDFE201D6D7F000001 /* Classes */,
				29B97315FDCFA39411CA2CEA /* Other Sources */,
				29B97317FDCFA39411CA2CEA /* Resources */,
				29B97323FDCFA39411CA2CEA /* Frameworks */,
				19C28FACFE9D520D11CA2CBB /* Products */,
			);
			name = MLSwitcher;
			sourceTree = "<group>";
		};
		29B97315FDCFA39411CA2CEA /* Other Sources */ = {
			isa = PBXGroup;
			children = (
				256AC3F00F4B6AF500CF3369 /* MLSwitcher2_Prefix.pch */,
				29B97316FDCFA39411CA2CEA /* main.m */,
				9F4D486C172E1B04003F0E26 /* Localizable.strings */,
			);
			name = "Other Sources";
			sourceTree = "<group>";
		};
		29B97317FDCFA39411CA2CEA /* Resources */ = {
			isa = PBXGroup;
			children = (
				9FB8D72F1313944600217DC6 /* Credits.rtf */,
				9F3E1B6B131225E2000E1F17 /* keyboard_layout.png */,
				9F8186711311C7B200DAA1DF /* MLSwitcher2.icns */,
				9F8186671310D7F200DAA1DF /* mlswitcher.png */,
				8D1107310486CEB800E47090 /* MLSwitcher2-Info.plist */,
				089C165CFE840E0CC02AAC07 /* InfoPlist.strings */,
				1DDD58140DA1D0A300B32029 /* MainMenu.xib */,
			);
			name = Resources;
			sourceTree = "<group>";
		};
		29B97323FDCFA39411CA2CEA /* Frameworks */ = {
			isa = PBXGroup;
			children = (
				1058C7A0FEA54F0111CA2CBB /* Linked Frameworks */,
				1058C7A2FEA54F0111CA2CBB /* Other Frameworks */,
			);
			name = Frameworks;
			sourceTree = "<group>";
		};
		9F3E1AF313120B3B000E1F17 /* ShortcutRecorder */ = {
			isa = PBXGroup;
			children = (
				9F3E1AF413120B57000E1F17 /* SRCommon.h */,
				9F3E1AF513120B57000E1F17 /* SRCommon.m */,
				9F3E1AF613120B57000E1F17 /* SRKeyCodeTransformer.h */,
				9F3E1AF713120B57000E1F17 /* SRKeyCodeTransformer.m */,
				9F3E1AF813120B57000E1F17 /* SRRecorderCell.h */,
				9F3E1AF913120B57000E1F17 /* SRRecorderCell.m */,
				9F3E1AFA13120B57000E1F17 /* SRRecorderControl.h */,
				9F3E1AFB13120B57000E1F17 /* SRRecorderControl.m */,
				9F3E1AFC13120B57000E1F17 /* SRValidator.h */,
				9F3E1AFD13120B57000E1F17 /* SRValidator.m */,
			);
			name = ShortcutRecorder;
			sourceTree = "<group>";
		};
/* End PBXGroup section */

/* Begin PBXNativeTarget section */
		8D1107260486CEB800E47090 /* MLSwitcher2 */ = {
			isa = PBXNativeTarget;
			buildConfigurationList = C01FCF4A08A954540054247B /* Build configuration list for PBXNativeTarget "MLSwitcher2" */;
			buildPhases = (
				8D1107290486CEB800E47090 /* Resources */,
				8D11072C0486CEB800E47090 /* Sources */,
				8D11072E0486CEB800E47090 /* Frameworks */,
				9F7CD49F16701D3800A458B6 /* CopyFiles */,
			);
			buildRules = (
			);
			dependencies = (
			);
			name = MLSwitcher2;
			productInstallPath = "$(HOME)/Applications";
			productName = MLSwitcher;
			productReference = 8D1107320486CEB800E47090 /* MLSwitcher2.app */;
			productType = "com.apple.product-type.application";
		};
/* End PBXNativeTarget section */

/* Begin PBXProject section */
		29B97313FDCFA39411CA2CEA /* Project object */ = {
			isa = PBXProject;
			attributes = {
				LastUpgradeCheck = 1150;
				TargetAttributes = {
					8D1107260486CEB800E47090 = {
						DevelopmentTeam = M2VMBCXA6W;
						ProvisioningStyle = Automatic;
					};
				};
			};
			buildConfigurationList = C01FCF4E08A954540054247B /* Build configuration list for PBXProject "MLSwitcher2" */;
			compatibilityVersion = "Xcode 3.2";
			developmentRegion = en;
			hasScannedForEncodings = 1;
			knownRegions = (
				ru,
				ja,
				de,
				es,
				it,
				"zh-Hans",
				en,
				fr,
				Base,
			);
			mainGroup = 29B97314FDCFA39411CA2CEA /* MLSwitcher */;
			projectDirPath = "";
			projectRoot = "";
			targets = (
				8D1107260486CEB800E47090 /* MLSwitcher2 */,
			);
		};
/* End PBXProject section */

/* Begin PBXResourcesBuildPhase section */
		8D1107290486CEB800E47090 /* Resources */ = {
			isa = PBXResourcesBuildPhase;
			buildActionMask = 2147483647;
			files = (
				8D11072B0486CEB800E47090 /* InfoPlist.strings in Resources */,
				1DDD58160DA1D0A300B32029 /* MainMenu.xib in Resources */,
				9F8186681310D7F200DAA1DF /* mlswitcher.png in Resources */,
				9F8186721311C7B200DAA1DF /* MLSwitcher2.icns in Resources */,
				9F3E1B6C131225E2000E1F17 /* keyboard_layout.png in Resources */,
				9FB8D7301313944600217DC6 /* Credits.rtf in Resources */,
				9F4D486A172E1B04003F0E26 /* Localizable.strings in Resources */,
			);
			runOnlyForDeploymentPostprocessing = 0;
		};
/* End PBXResourcesBuildPhase section */

/* Begin PBXSourcesBuildPhase section */
		8D11072C0486CEB800E47090 /* Sources */ = {
			isa = PBXSourcesBuildPhase;
			buildActionMask = 2147483647;
			files = (
				8D11072D0486CEB800E47090 /* main.m in Sources */,
				256AC3DA0F4B6AC300CF3369 /* MLSwitcher2AppDelegate.m in Sources */,
				9F8186501310D6EF00DAA1DF /* Layout.m in Sources */,
				9F8186511310D6EF00DAA1DF /* LayoutManager.m in Sources */,
				9F81867D1311CF7E00DAA1DF /* MLSwitcher2Controller.m in Sources */,
				9F3E1AFE13120B57000E1F17 /* SRCommon.m in Sources */,
				9F3E1AFF13120B57000E1F17 /* SRKeyCodeTransformer.m in Sources */,
				9F3E1B0013120B57000E1F17 /* SRRecorderCell.m in Sources */,
				9F3E1B0113120B57000E1F17 /* SRRecorderControl.m in Sources */,
				9F3E1B0213120B57000E1F17 /* SRValidator.m in Sources */,
				9F3E1B0713120C48000E1F17 /* DDHotKeyCenter.m in Sources */,
				9F8F03FB13138EBB00C21E17 /* LaunchAtLoginController.m in Sources */,
				9FB8D7381314B46200217DC6 /* PrefsWindow.m in Sources */,
				9FEB8152166C8563007F3599 /* NSString+SymlinksAndAliases.m in Sources */,
				9FEB8153166C8563007F3599 /* PFMoveApplication.m in Sources */,
			);
			runOnlyForDeploymentPostprocessing = 0;
		};
/* End PBXSourcesBuildPhase section */

/* Begin PBXVariantGroup section */
		089C165CFE840E0CC02AAC07 /* InfoPlist.strings */ = {
			isa = PBXVariantGroup;
			children = (
				9F4D485A172E16FB003F0E26 /* ru */,
				9F4D485C172E1704003F0E26 /* ja */,
				9F4D485E172E171E003F0E26 /* de */,
				9F4D4860172E1724003F0E26 /* es */,
				9F4D4862172E172A003F0E26 /* it */,
				9F4D4866172E176D003F0E26 /* zh-Hans */,
				9F1CE3CF247F66A400A38FEF /* en */,
			);
			name = InfoPlist.strings;
			sourceTree = "<group>";
		};
		1DDD58140DA1D0A300B32029 /* MainMenu.xib */ = {
			isa = PBXVariantGroup;
			children = (
				9F4D485B172E16FB003F0E26 /* ru */,
				9F4D485D172E1704003F0E26 /* ja */,
				9F4D485F172E171E003F0E26 /* de */,
				9F4D4861172E1724003F0E26 /* es */,
				9F4D4863172E172A003F0E26 /* it */,
				9F4D4867172E176D003F0E26 /* zh-Hans */,
				9F1CE3CE247F66A000A38FEF /* Base */,
			);
			name = MainMenu.xib;
			sourceTree = "<group>";
		};
		9F4D486C172E1B04003F0E26 /* Localizable.strings */ = {
			isa = PBXVariantGroup;
			children = (
				9F4D486D172E1B06003F0E26 /* en */,
				9F4D4873172E1CFC003F0E26 /* ru */,
				9F4D4874172E1D00003F0E26 /* ja */,
				9F4D4875172E1D01003F0E26 /* de */,
				9F4D4876172E1D02003F0E26 /* es */,
				9F4D4877172E1D03003F0E26 /* it */,
				9F4D4878172E1D04003F0E26 /* zh-Hans */,
			);
			name = Localizable.strings;
			sourceTree = "<group>";
		};
/* End PBXVariantGroup section */

/* Begin XCBuildConfiguration section */
		9FB8D78E1315ADDE00217DC6 /* AppStore */ = {
			isa = XCBuildConfiguration;
			buildSettings = {
				CLANG_ANALYZER_LOCALIZABILITY_NONLOCALIZED = YES;
				CLANG_WARN_BLOCK_CAPTURE_AUTORELEASING = YES;
				CLANG_WARN_BOOL_CONVERSION = YES;
				CLANG_WARN_COMMA = YES;
				CLANG_WARN_CONSTANT_CONVERSION = YES;
				CLANG_WARN_DEPRECATED_OBJC_IMPLEMENTATIONS = YES;
				CLANG_WARN_EMPTY_BODY = YES;
				CLANG_WARN_ENUM_CONVERSION = YES;
				CLANG_WARN_INFINITE_RECURSION = YES;
				CLANG_WARN_INT_CONVERSION = YES;
				CLANG_WARN_NON_LITERAL_NULL_CONVERSION = YES;
				CLANG_WARN_OBJC_IMPLICIT_RETAIN_SELF = YES;
				CLANG_WARN_OBJC_LITERAL_CONVERSION = YES;
				CLANG_WARN_RANGE_LOOP_ANALYSIS = YES;
				CLANG_WARN_STRICT_PROTOTYPES = YES;
				CLANG_WARN_SUSPICIOUS_MOVE = YES;
				CLANG_WARN_UNREACHABLE_CODE = YES;
				CLANG_WARN__DUPLICATE_METHOD_MATCH = YES;
				CODE_SIGN_IDENTITY = "3rd Party Mac Developer Application: Oleksandr Tymoshenko";
				DEBUG_INFORMATION_FORMAT = "dwarf-with-dsym";
				ENABLE_STRICT_OBJC_MSGSEND = YES;
				GCC_C_LANGUAGE_STANDARD = gnu99;
				GCC_NO_COMMON_BLOCKS = YES;
				GCC_WARN_64_TO_32_BIT_CONVERSION = YES;
				GCC_WARN_ABOUT_RETURN_TYPE = YES;
				GCC_WARN_UNDECLARED_SELECTOR = YES;
				GCC_WARN_UNINITIALIZED_AUTOS = YES;
				GCC_WARN_UNUSED_FUNCTION = YES;
				GCC_WARN_UNUSED_VARIABLE = YES;
				MACOSX_DEPLOYMENT_TARGET = 10.9;
				SDKROOT = macosx;
				VALID_ARCHS = "i386 x86_64";
			};
			name = AppStore;
		};
		9FB8D78F1315ADDE00217DC6 /* AppStore */ = {
			isa = XCBuildConfiguration;
			buildSettings = {
				ALWAYS_SEARCH_USER_PATHS = NO;
				CLANG_ENABLE_OBJC_WEAK = YES;
				CODE_SIGN_IDENTITY = "Mac Developer";
				CODE_SIGN_STYLE = Automatic;
				DEBUG_INFORMATION_FORMAT = "dwarf-with-dsym";
				DEVELOPMENT_TEAM = M2VMBCXA6W;
				ENABLE_HARDENED_RUNTIME = YES;
				FRAMEWORK_SEARCH_PATHS = (
					"$(inherited)",
					"\"$(SRCROOT)\"",
				);
				GCC_MODEL_TUNING = G5;
				GCC_PRECOMPILE_PREFIX_HEADER = YES;
				GCC_PREFIX_HEADER = MLSwitcher2_Prefix.pch;
				"GCC_PREPROCESSOR_DEFINITIONS[arch=*]" = APP_STORE_BUILD;
				HEADER_SEARCH_PATHS = "$(SRCROOT)";
				INFOPLIST_FILE = "MLSwitcher2-Info.plist";
				INSTALL_PATH = "$(HOME)/Applications";
				PRODUCT_BUNDLE_IDENTIFIER = "com.bluezbox.${PRODUCT_NAME:rfc1034identifier}";
				PRODUCT_NAME = MLSwitcher2;
				PROVISIONING_PROFILE_SPECIFIER = "";
			};
			name = AppStore;
		};
		C01FCF4B08A954540054247B /* Debug */ = {
			isa = XCBuildConfiguration;
			buildSettings = {
				ALWAYS_SEARCH_USER_PATHS = NO;
				CLANG_ENABLE_OBJC_WEAK = YES;
				CODE_SIGN_IDENTITY = "Mac Developer";
				CODE_SIGN_STYLE = Automatic;
				COPY_PHASE_STRIP = NO;
				DEVELOPMENT_TEAM = M2VMBCXA6W;
				ENABLE_HARDENED_RUNTIME = YES;
				FRAMEWORK_SEARCH_PATHS = (
					"$(inherited)",
					"\"$(SRCROOT)\"",
				);
				GCC_DYNAMIC_NO_PIC = NO;
				GCC_MODEL_TUNING = G5;
				GCC_OPTIMIZATION_LEVEL = 0;
				GCC_PRECOMPILE_PREFIX_HEADER = YES;
				GCC_PREFIX_HEADER = MLSwitcher2_Prefix.pch;
				"GCC_PREPROCESSOR_DEFINITIONS[arch=*]" = APP_STORE_BUILD;
				HEADER_SEARCH_PATHS = "$(SRCROOT)";
				INFOPLIST_FILE = "MLSwitcher2-Info.plist";
				INSTALL_PATH = "$(HOME)/Applications";
				PRODUCT_BUNDLE_IDENTIFIER = "com.bluezbox.${PRODUCT_NAME:rfc1034identifier}";
				PRODUCT_NAME = MLSwitcher2;
				PROVISIONING_PROFILE_SPECIFIER = "";
			};
			name = Debug;
		};
		C01FCF4C08A954540054247B /* Release */ = {
			isa = XCBuildConfiguration;
			buildSettings = {
				ALWAYS_SEARCH_USER_PATHS = NO;
				CLANG_ENABLE_OBJC_WEAK = YES;
				CODE_SIGN_IDENTITY = "Mac Developer";
				CODE_SIGN_STYLE = Automatic;
				DEBUG_INFORMATION_FORMAT = "dwarf-with-dsym";
				DEVELOPMENT_TEAM = M2VMBCXA6W;
				ENABLE_HARDENED_RUNTIME = YES;
				FRAMEWORK_SEARCH_PATHS = (
					"$(inherited)",
					"\"$(SRCROOT)\"",
				);
				GCC_MODEL_TUNING = G5;
				GCC_PRECOMPILE_PREFIX_HEADER = YES;
				GCC_PREFIX_HEADER = MLSwitcher2_Prefix.pch;
				"GCC_PREPROCESSOR_DEFINITIONS[arch=*]" = APP_STORE_BUILD;
				HEADER_SEARCH_PATHS = "$(SRCROOT)";
				INFOPLIST_FILE = "MLSwitcher2-Info.plist";
				INSTALL_PATH = "$(HOME)/Applications";
				PRODUCT_BUNDLE_IDENTIFIER = "com.bluezbox.${PRODUCT_NAME:rfc1034identifier}";
				PRODUCT_NAME = MLSwitcher2;
				PROVISIONING_PROFILE_SPECIFIER = "";
			};
			name = Release;
		};
		C01FCF4F08A954540054247B /* Debug */ = {
			isa = XCBuildConfiguration;
			buildSettings = {
				CLANG_ANALYZER_LOCALIZABILITY_NONLOCALIZED = YES;
				CLANG_WARN_BLOCK_CAPTURE_AUTORELEASING = YES;
				CLANG_WARN_BOOL_CONVERSION = YES;
				CLANG_WARN_COMMA = YES;
				CLANG_WARN_CONSTANT_CONVERSION = YES;
				CLANG_WARN_DEPRECATED_OBJC_IMPLEMENTATIONS = YES;
				CLANG_WARN_EMPTY_BODY = YES;
				CLANG_WARN_ENUM_CONVERSION = YES;
				CLANG_WARN_INFINITE_RECURSION = YES;
				CLANG_WARN_INT_CONVERSION = YES;
				CLANG_WARN_NON_LITERAL_NULL_CONVERSION = YES;
				CLANG_WARN_OBJC_IMPLICIT_RETAIN_SELF = YES;
				CLANG_WARN_OBJC_LITERAL_CONVERSION = YES;
				CLANG_WARN_RANGE_LOOP_ANALYSIS = YES;
				CLANG_WARN_STRICT_PROTOTYPES = YES;
				CLANG_WARN_SUSPICIOUS_MOVE = YES;
				CLANG_WARN_UNREACHABLE_CODE = YES;
				CLANG_WARN__DUPLICATE_METHOD_MATCH = YES;
				ENABLE_STRICT_OBJC_MSGSEND = YES;
				ENABLE_TESTABILITY = YES;
				GCC_C_LANGUAGE_STANDARD = gnu99;
				GCC_NO_COMMON_BLOCKS = YES;
				GCC_OPTIMIZATION_LEVEL = 0;
				GCC_WARN_64_TO_32_BIT_CONVERSION = YES;
				GCC_WARN_ABOUT_RETURN_TYPE = YES;
				GCC_WARN_UNDECLARED_SELECTOR = YES;
				GCC_WARN_UNINITIALIZED_AUTOS = YES;
				GCC_WARN_UNUSED_FUNCTION = YES;
				GCC_WARN_UNUSED_VARIABLE = YES;
				MACOSX_DEPLOYMENT_TARGET = 10.9;
				ONLY_ACTIVE_ARCH = YES;
				SDKROOT = macosx;
			};
			name = Debug;
		};
		C01FCF5008A954540054247B /* Release */ = {
			isa = XCBuildConfiguration;
			buildSettings = {
				CLANG_ANALYZER_LOCALIZABILITY_NONLOCALIZED = YES;
				CLANG_WARN_BLOCK_CAPTURE_AUTORELEASING = YES;
				CLANG_WARN_BOOL_CONVERSION = YES;
				CLANG_WARN_COMMA = YES;
				CLANG_WARN_CONSTANT_CONVERSION = YES;
				CLANG_WARN_DEPRECATED_OBJC_IMPLEMENTATIONS = YES;
				CLANG_WARN_EMPTY_BODY = YES;
				CLANG_WARN_ENUM_CONVERSION = YES;
				CLANG_WARN_INFINITE_RECURSION = YES;
				CLANG_WARN_INT_CONVERSION = YES;
				CLANG_WARN_NON_LITERAL_NULL_CONVERSION = YES;
				CLANG_WARN_OBJC_IMPLICIT_RETAIN_SELF = YES;
				CLANG_WARN_OBJC_LITERAL_CONVERSION = YES;
				CLANG_WARN_RANGE_LOOP_ANALYSIS = YES;
				CLANG_WARN_STRICT_PROTOTYPES = YES;
				CLANG_WARN_SUSPICIOUS_MOVE = YES;
				CLANG_WARN_UNREACHABLE_CODE = YES;
				CLANG_WARN__DUPLICATE_METHOD_MATCH = YES;
				ENABLE_STRICT_OBJC_MSGSEND = YES;
				GCC_C_LANGUAGE_STANDARD = gnu99;
				GCC_NO_COMMON_BLOCKS = YES;
				GCC_WARN_64_TO_32_BIT_CONVERSION = YES;
				GCC_WARN_ABOUT_RETURN_TYPE = YES;
				GCC_WARN_UNDECLARED_SELECTOR = YES;
				GCC_WARN_UNINITIALIZED_AUTOS = YES;
				GCC_WARN_UNUSED_FUNCTION = YES;
				GCC_WARN_UNUSED_VARIABLE = YES;
				MACOSX_DEPLOYMENT_TARGET = 10.9;
				SDKROOT = macosx;
			};
			name = Release;
		};
/* End XCBuildConfiguration section */

/* Begin XCConfigurationList section */
		C01FCF4A08A954540054247B /* Build configuration list for PBXNativeTarget "MLSwitcher2" */ = {
			isa = XCConfigurationList;
			buildConfigurations = (
				C01FCF4B08A954540054247B /* Debug */,
				C01FCF4C08A954540054247B /* Release */,
				9FB8D78F1315ADDE00217DC6 /* AppStore */,
			);
			defaultConfigurationIsVisible = 0;
			defaultConfigurationName = AppStore;
		};
		C01FCF4E08A954540054247B /* Build configuration list for PBXProject "MLSwitcher2" */ = {
			isa = XCConfigurationList;
			buildConfigurations = (
				C01FCF4F08A954540054247B /* Debug */,
				C01FCF5008A954540054247B /* Release */,
				9FB8D78E1315ADDE00217DC6 /* AppStore */,
			);
			defaultConfigurationIsVisible = 0;
			defaultConfigurationName = AppStore;
		};
/* End XCConfigurationList section */
	};
	rootObject = 29B97313FDCFA39411CA2CEA /* Project object */;
}
